
Microsoft Visual Studio Solution File, Format Version 12.00
# Visual Studio 15
VisualStudioVersion = 15.0.27703.2042
MinimumVisualStudioVersion = 10.0.40219.1
Project("{FAE04EC0-301F-11D3-BF4B-00C04F79EFBC}") = "SimpleICD11CodingTool", "SimpleICD11CodingTool\SimpleICD11CodingTool.csproj", "{AD604BA3-B30C-4B48-86CD-40BE024FAC42}"
EndProject
Global
	GlobalSection(SolutionConfigurationPlatforms) = preSolution
		Debug|Any CPU = Debug|Any CPU
		Release|Any CPU = Release|Any CPU
	EndGlobalSection
	GlobalSection(ProjectConfigurationPlatforms) = postSolution
		{AD604BA3-B30C-4B48-86CD-40BE024FAC42}.Debug|Any CPU.ActiveCfg = Debug|Any CPU
		{AD604BA3-B30C-4B48-86CD-40BE024FAC42}.Debug|Any CPU.Build.0 = Debug|Any CPU
		{AD604BA3-B30C-4B48-86CD-40BE024FAC42}.Release|Any CPU.ActiveCfg = Release|Any CPU
		{AD604BA3-B30C-4B48-86CD-40BE024FAC42}.Release|Any CPU.Build.0 = Release|Any CPU
	EndGlobalSection
	GlobalSection(SolutionProperties) = preSolution
		HideSolutionNode = FALSE
	EndGlobalSection
	GlobalSection(ExtensibilityGlobals) = postSolution
		SolutionGuid = {14DEBDF6-6D40-4F0E-B5E9-85852683D183}
	EndGlobalSection
EndGlobal
